{
  "name": "marmalade-character-lab",
  "version": "0.2.0",
  "lockfileVersion": 3,
  "requires": true,
  "packages": {
    "": {
      "name": "marmalade-character-lab",
      "version": "0.2.0",
      "dependencies": {
        "@rive-app/canvas": "2.42.2"
      }
    },
    "node_modules/@rive-app/canvas": {
      "version": "2.42.2",
      "resolved": "https://registry.npmjs.org/@rive-app/canvas/-/canvas-2.42.2.tgz",
      "integrity": "sha512-NlSngaccl6L0XambU8XuK+0MT9cIbQBQrBod+/tWPLIjL/G82cXs7c6hj6wdrfk9YSVj8ZNuXcUEKoEo6YABYg==",
      "license": "MIT"
    }
  }
}
